{
  "name": "site",
  "version": "1.0.0",
  "lockfileVersion": 3,
  "requires": true,
  "packages": {
    "": {
      "name": "site",
      "version": "1.0.0",
      "license": "ISC",
      "dependencies": {
        "gsap": "^3.14.2",
        "postprocessing": "^6.38.3"
      },
      "devDependencies": {
        "typescript": "^5.9.3"
      }
    },
    "node_modules/gsap": {
      "version": "3.14.2",
      "resolved": "https://registry.npmjs.org/gsap/-/gsap-3.14.2.tgz",
      "integrity": "sha512-P8/mMxVLU7o4+55+1TCnQrPmgjPKnwkzkXOK1asnR9Jg2lna4tEY5qBJjMmAaOBDDZWtlRjBXjLa0w53G/uBLA==",
      "license": "Standard 'no charge' license: https://gsap.com/standard-license."
    },
    "node_modules/postprocessing": {
      "version": "6.38.3",
      "resolved": "https://registry.npmjs.org/postprocessing/-/postprocessing-6.38.3.tgz",
      "integrity": "sha512-5qCFp8j62nWL6sSVv/RKuHscQUIV+VMMgWeHLYZQEBpAk7G+r3jA3bSKON7gZjiuxdZ/F4PXj2Jc1oPh/7Eg+g==",
      "license": "Zlib",
      "peerDependencies": {
        "three": ">= 0.157.0 < 0.184.0"
      }
    },
    "node_modules/three": {
      "version": "0.183.2",
      "resolved": "https://registry.npmjs.org/three/-/three-0.183.2.tgz",
      "integrity": "sha512-di3BsL2FEQ1PA7Hcvn4fyJOlxRRgFYBpMTcyOgkwJIaDOdJMebEFPA+t98EvjuljDx4hNulAGwF6KIjtwI5jgQ==",
      "license": "MIT",
      "peer": true
    },
    "node_modules/typescript": {
      "version": "5.9.3",
      "resolved": "https://registry.npmjs.org/typescript/-/typescript-5.9.3.tgz",
      "integrity": "sha512-jl1vZzPDinLr9eUt3J/t7V6FgNEw9QjvBPdysz9KfQDD41fQrC2Y4vKQdiaUpFT4bXlb1RHhLpp8wtm6M5TgSw==",
      "dev": true,
      "bin": {
        "tsc": "bin/tsc",
        "tsserver": "bin/tsserver"
      },
      "engines": {
        "node": ">=14.17"
      }
    }
  }
}
